
Microsoft Visual Studio Solution File, Format Version 12.00
# Visual Studio 15
VisualStudioVersion = 15.0.27703.2042
MinimumVisualStudioVersion = 10.0.40219.1
Project("{FAE04EC0-301F-11D3-BF4B-00C04F79EFBC}") = "WpfApp", "WpfApp\WpfApp.csproj", "{8994A47D-47DD-474D-ABA4-B4EF130ED640}"
EndProject
Global
	GlobalSection(SolutionConfigurationPlatforms) = preSolution
		Debug|Any CPU = Debug|Any CPU
		Release|Any CPU = Release|Any CPU
	EndGlobalSection
	GlobalSection(ProjectConfigurationPlatforms) = postSolution
		{8994A47D-47DD-474D-ABA4-B4EF130ED640}.Debug|Any CPU.ActiveCfg = Debug|Any CPU
		{8994A47D-47DD-474D-ABA4-B4EF130ED640}.Debug|Any CPU.Build.0 = Debug|Any CPU
		{8994A47D-47DD-474D-ABA4-B4EF130ED640}.Release|Any CPU.ActiveCfg = Release|Any CPU
		{8994A47D-47DD-474D-ABA4-B4EF130ED640}.Release|Any CPU.Build.0 = Release|Any CPU
	EndGlobalSection
	GlobalSection(SolutionProperties) = preSolution
		HideSolutionNode = FALSE
	EndGlobalSection
	GlobalSection(ExtensibilityGlobals) = postSolution
		SolutionGuid = {9A5B3A21-2809-47E1-AD78-CAAA418BE849}
	EndGlobalSection
EndGlobal
