
Microsoft Visual Studio Solution File, Format Version 12.00
# Visual Studio 15
VisualStudioVersion = 15.0.27703.2042
MinimumVisualStudioVersion = 10.0.40219.1
Project("{FAE04EC0-301F-11D3-BF4B-00C04F79EFBC}") = "InterfaceHW", "InterfaceHW\InterfaceHW.csproj", "{89C97B14-035C-4131-98DB-24100C887474}"
EndProject
Project("{FAE04EC0-301F-11D3-BF4B-00C04F79EFBC}") = "HouseBuilding", "HouseBuilding\HouseBuilding.csproj", "{EB159DD3-8D9B-4849-884C-1D311022DBED}"
EndProject
Global
	GlobalSection(SolutionConfigurationPlatforms) = preSolution
		Debug|Any CPU = Debug|Any CPU
		Release|Any CPU = Release|Any CPU
	EndGlobalSection
	GlobalSection(ProjectConfigurationPlatforms) = postSolution
		{89C97B14-035C-4131-98DB-24100C887474}.Debug|Any CPU.ActiveCfg = Debug|Any CPU
		{89C97B14-035C-4131-98DB-24100C887474}.Debug|Any CPU.Build.0 = Debug|Any CPU
		{89C97B14-035C-4131-98DB-24100C887474}.Release|Any CPU.ActiveCfg = Release|Any CPU
		{89C97B14-035C-4131-98DB-24100C887474}.Release|Any CPU.Build.0 = Release|Any CPU
		{EB159DD3-8D9B-4849-884C-1D311022DBED}.Debug|Any CPU.ActiveCfg = Debug|Any CPU
		{EB159DD3-8D9B-4849-884C-1D311022DBED}.Debug|Any CPU.Build.0 = Debug|Any CPU
		{EB159DD3-8D9B-4849-884C-1D311022DBED}.Release|Any CPU.ActiveCfg = Release|Any CPU
		{EB159DD3-8D9B-4849-884C-1D311022DBED}.Release|Any CPU.Build.0 = Release|Any CPU
	EndGlobalSection
	GlobalSection(SolutionProperties) = preSolution
		HideSolutionNode = FALSE
	EndGlobalSection
	GlobalSection(ExtensibilityGlobals) = postSolution
		SolutionGuid = {A541CEC8-909F-478B-ABA4-1F79BEFAD3AB}
	EndGlobalSection
EndGlobal
